{
  "name": "dex-vybz",
  "lockfileVersion": 3,
  "requires": true,
  "packages": {
    "": {
      "name": "dex-vybz",
      "version": "1.0.0",
      "dependencies": {
        "chalk": "^5.3.0",
        "discord.js": "^15.8.0",
        "dotenv": "^16.3.1",
        "express": "^4.18.2",
        "mongoose": "^7.7.0",
        "nodemon": "^3.0.2"
      }
    }
  }
}
